
Microsoft Visual Studio Solution File, Format Version 12.00
# Visual Studio Version 16
VisualStudioVersion = 16.0.31702.278
MinimumVisualStudioVersion = 10.0.40219.1
Project("{8BC9CEB8-8B4A-11D0-8D11-00A0C91BC942}") = "UpixNetwork", "UpixNetwork\UpixNetwork.vcxproj", "{8B63C921-5D36-46D0-88EA-4379539026D7}"
EndProject
Project("{8BC9CEB8-8B4A-11D0-8D11-00A0C91BC942}") = "float_test", "test\float_test\float_test.vcxproj", "{4025B64C-8CBE-4D10-A094-FAC5616ED2D9}"
	ProjectSection(ProjectDependencies) = postProject
		{8B63C921-5D36-46D0-88EA-4379539026D7} = {8B63C921-5D36-46D0-88EA-4379539026D7}
	EndProjectSection
EndProject
Project("{2150E333-8FDC-42A3-9474-1A3956D46DE8}") = "test", "test", "{3A7B777B-83F9-4CB4-AB0F-C03221F81FCB}"
EndProject
Project("{8BC9CEB8-8B4A-11D0-8D11-00A0C91BC942}") = "cvt_tool", "cvt_tool\cvt_tool.vcxproj", "{22DDCBBB-4B2C-46CE-B659-BAC5F481BD2F}"
	ProjectSection(ProjectDependencies) = postProject
		{8B63C921-5D36-46D0-88EA-4379539026D7} = {8B63C921-5D36-46D0-88EA-4379539026D7}
	EndProjectSection
EndProject
Project("{8BC9CEB8-8B4A-11D0-8D11-00A0C91BC942}") = "u31_yolo", "test\u31_yolo\u31_yolo.vcxproj", "{C3A49E6F-7FFB-4AFC-8B4A-2BB958AE1C20}"
EndProject
Project("{8BC9CEB8-8B4A-11D0-8D11-00A0C91BC942}") = "show_u31_image", "test\show_u31_image\show_u31_image.vcxproj", "{62DA7565-737C-4576-B3A2-6D1034682B5E}"
EndProject
Project("{8BC9CEB8-8B4A-11D0-8D11-00A0C91BC942}") = "ttest_160x128", "test\ttest_160x128\ttest_160x128.vcxproj", "{D4A3B503-D1E3-4EB5-8ED1-C4D10B0E71C4}"
	ProjectSection(ProjectDependencies) = postProject
		{8B63C921-5D36-46D0-88EA-4379539026D7} = {8B63C921-5D36-46D0-88EA-4379539026D7}
	EndProjectSection
EndProject
Project("{8BC9CEB8-8B4A-11D0-8D11-00A0C91BC942}") = "test_128x160", "test\test_128x160\test_128x160.vcxproj", "{1E868C26-D36D-40D2-83CA-E99A1DCE5790}"
	ProjectSection(ProjectDependencies) = postProject
		{8B63C921-5D36-46D0-88EA-4379539026D7} = {8B63C921-5D36-46D0-88EA-4379539026D7}
	EndProjectSection
EndProject
Project("{8BC9CEB8-8B4A-11D0-8D11-00A0C91BC942}") = "test_pool_320x160", "test\test_pool_320x160\test_pool_320x160.vcxproj", "{112DD304-C196-4FBE-815E-5C681B20EFB6}"
	ProjectSection(ProjectDependencies) = postProject
		{8B63C921-5D36-46D0-88EA-4379539026D7} = {8B63C921-5D36-46D0-88EA-4379539026D7}
	EndProjectSection
EndProject
Project("{8BC9CEB8-8B4A-11D0-8D11-00A0C91BC942}") = "test_facepalm_320x160", "test\test_facepalm_320x160\test_facepalm_320x160.vcxproj", "{4232BDA4-5963-4F19-8D9A-999E0E7EEF00}"
	ProjectSection(ProjectDependencies) = postProject
		{8B63C921-5D36-46D0-88EA-4379539026D7} = {8B63C921-5D36-46D0-88EA-4379539026D7}
		{C438378C-4D9D-45DF-B1FF-5CF3FF99C62B} = {C438378C-4D9D-45DF-B1FF-5CF3FF99C62B}
	EndProjectSection
EndProject
Project("{8BC9CEB8-8B4A-11D0-8D11-00A0C91BC942}") = "UpixNetworkUtils", "UpixNetworkUtils\UpixNetworkUtils.vcxproj", "{C438378C-4D9D-45DF-B1FF-5CF3FF99C62B}"
EndProject
Project("{8BC9CEB8-8B4A-11D0-8D11-00A0C91BC942}") = "cvt_for_u31", "cvt_for_u31\cvt_for_u31.vcxproj", "{5AC325CA-6BE8-4C3C-957F-E577F5491312}"
EndProject
Project("{8BC9CEB8-8B4A-11D0-8D11-00A0C91BC942}") = "test_headshoulder_320x160", "test\test_headshoulder_320x160\test_headshoulder_320x160.vcxproj", "{B5BBFAA0-ABF5-40BF-AF21-9DAE08C2713B}"
	ProjectSection(ProjectDependencies) = postProject
		{8B63C921-5D36-46D0-88EA-4379539026D7} = {8B63C921-5D36-46D0-88EA-4379539026D7}
		{C438378C-4D9D-45DF-B1FF-5CF3FF99C62B} = {C438378C-4D9D-45DF-B1FF-5CF3FF99C62B}
	EndProjectSection
EndProject
Project("{8BC9CEB8-8B4A-11D0-8D11-00A0C91BC942}") = "test_headsole_320x320", "test\test_headsole_320x320\test_headsole_320x320.vcxproj", "{D0F576C6-E33D-43C9-9129-7DF89ACF039E}"
	ProjectSection(ProjectDependencies) = postProject
		{8B63C921-5D36-46D0-88EA-4379539026D7} = {8B63C921-5D36-46D0-88EA-4379539026D7}
		{C438378C-4D9D-45DF-B1FF-5CF3FF99C62B} = {C438378C-4D9D-45DF-B1FF-5CF3FF99C62B}
	EndProjectSection
EndProject
Global
	GlobalSection(SolutionConfigurationPlatforms) = preSolution
		Debug|Any CPU = Debug|Any CPU
		Debug|Win32 = Debug|Win32
		Debug|x64 = Debug|x64
		Debug|x86 = Debug|x86
		Release|Any CPU = Release|Any CPU
		Release|Win32 = Release|Win32
		Release|x64 = Release|x64
		Release|x86 = Release|x86
	EndGlobalSection
	GlobalSection(ProjectConfigurationPlatforms) = postSolution
		{8B63C921-5D36-46D0-88EA-4379539026D7}.Debug|Any CPU.ActiveCfg = Debug|Win32
		{8B63C921-5D36-46D0-88EA-4379539026D7}.Debug|Win32.ActiveCfg = Debug|Win32
		{8B63C921-5D36-46D0-88EA-4379539026D7}.Debug|Win32.Build.0 = Debug|Win32
		{8B63C921-5D36-46D0-88EA-4379539026D7}.Debug|x64.ActiveCfg = Debug|x64
		{8B63C921-5D36-46D0-88EA-4379539026D7}.Debug|x64.Build.0 = Debug|x64
		{8B63C921-5D36-46D0-88EA-4379539026D7}.Debug|x86.ActiveCfg = Debug|x64
		{8B63C921-5D36-46D0-88EA-4379539026D7}.Release|Any CPU.ActiveCfg = Release|Win32
		{8B63C921-5D36-46D0-88EA-4379539026D7}.Release|Win32.ActiveCfg = Release|Win32
		{8B63C921-5D36-46D0-88EA-4379539026D7}.Release|Win32.Build.0 = Release|Win32
		{8B63C921-5D36-46D0-88EA-4379539026D7}.Release|x64.ActiveCfg = Release|x64
		{8B63C921-5D36-46D0-88EA-4379539026D7}.Release|x64.Build.0 = Release|x64
		{8B63C921-5D36-46D0-88EA-4379539026D7}.Release|x86.ActiveCfg = Release|x64
		{4025B64C-8CBE-4D10-A094-FAC5616ED2D9}.Debug|Any CPU.ActiveCfg = Debug|Win32
		{4025B64C-8CBE-4D10-A094-FAC5616ED2D9}.Debug|Win32.ActiveCfg = Debug|Win32
		{4025B64C-8CBE-4D10-A094-FAC5616ED2D9}.Debug|Win32.Build.0 = Debug|Win32
		{4025B64C-8CBE-4D10-A094-FAC5616ED2D9}.Debug|x64.ActiveCfg = Debug|x64
		{4025B64C-8CBE-4D10-A094-FAC5616ED2D9}.Debug|x64.Build.0 = Debug|x64
		{4025B64C-8CBE-4D10-A094-FAC5616ED2D9}.Debug|x86.ActiveCfg = Debug|Win32
		{4025B64C-8CBE-4D10-A094-FAC5616ED2D9}.Debug|x86.Build.0 = Debug|Win32
		{4025B64C-8CBE-4D10-A094-FAC5616ED2D9}.Release|Any CPU.ActiveCfg = Release|Win32
		{4025B64C-8CBE-4D10-A094-FAC5616ED2D9}.Release|Win32.ActiveCfg = Release|Win32
		{4025B64C-8CBE-4D10-A094-FAC5616ED2D9}.Release|Win32.Build.0 = Release|Win32
		{4025B64C-8CBE-4D10-A094-FAC5616ED2D9}.Release|x64.ActiveCfg = Release|x64
		{4025B64C-8CBE-4D10-A094-FAC5616ED2D9}.Release|x64.Build.0 = Release|x64
		{4025B64C-8CBE-4D10-A094-FAC5616ED2D9}.Release|x86.ActiveCfg = Release|Win32
		{4025B64C-8CBE-4D10-A094-FAC5616ED2D9}.Release|x86.Build.0 = Release|Win32
		{22DDCBBB-4B2C-46CE-B659-BAC5F481BD2F}.Debug|Any CPU.ActiveCfg = Debug|Win32
		{22DDCBBB-4B2C-46CE-B659-BAC5F481BD2F}.Debug|Win32.ActiveCfg = Debug|Win32
		{22DDCBBB-4B2C-46CE-B659-BAC5F481BD2F}.Debug|Win32.Build.0 = Debug|Win32
		{22DDCBBB-4B2C-46CE-B659-BAC5F481BD2F}.Debug|x64.ActiveCfg = Debug|x64
		{22DDCBBB-4B2C-46CE-B659-BAC5F481BD2F}.Debug|x64.Build.0 = Debug|x64
		{22DDCBBB-4B2C-46CE-B659-BAC5F481BD2F}.Debug|x86.ActiveCfg = Debug|Win32
		{22DDCBBB-4B2C-46CE-B659-BAC5F481BD2F}.Debug|x86.Build.0 = Debug|Win32
		{22DDCBBB-4B2C-46CE-B659-BAC5F481BD2F}.Release|Any CPU.ActiveCfg = Release|Win32
		{22DDCBBB-4B2C-46CE-B659-BAC5F481BD2F}.Release|Win32.ActiveCfg = Release|Win32
		{22DDCBBB-4B2C-46CE-B659-BAC5F481BD2F}.Release|Win32.Build.0 = Release|Win32
		{22DDCBBB-4B2C-46CE-B659-BAC5F481BD2F}.Release|x64.ActiveCfg = Release|x64
		{22DDCBBB-4B2C-46CE-B659-BAC5F481BD2F}.Release|x64.Build.0 = Release|x64
		{22DDCBBB-4B2C-46CE-B659-BAC5F481BD2F}.Release|x86.ActiveCfg = Release|Win32
		{22DDCBBB-4B2C-46CE-B659-BAC5F481BD2F}.Release|x86.Build.0 = Release|Win32
		{C3A49E6F-7FFB-4AFC-8B4A-2BB958AE1C20}.Debug|Any CPU.ActiveCfg = Debug|Win32
		{C3A49E6F-7FFB-4AFC-8B4A-2BB958AE1C20}.Debug|Win32.ActiveCfg = Debug|Win32
		{C3A49E6F-7FFB-4AFC-8B4A-2BB958AE1C20}.Debug|Win32.Build.0 = Debug|Win32
		{C3A49E6F-7FFB-4AFC-8B4A-2BB958AE1C20}.Debug|x64.ActiveCfg = Debug|x64
		{C3A49E6F-7FFB-4AFC-8B4A-2BB958AE1C20}.Debug|x64.Build.0 = Debug|x64
		{C3A49E6F-7FFB-4AFC-8B4A-2BB958AE1C20}.Debug|x86.ActiveCfg = Debug|Win32
		{C3A49E6F-7FFB-4AFC-8B4A-2BB958AE1C20}.Debug|x86.Build.0 = Debug|Win32
		{C3A49E6F-7FFB-4AFC-8B4A-2BB958AE1C20}.Release|Any CPU.ActiveCfg = Release|Win32
		{C3A49E6F-7FFB-4AFC-8B4A-2BB958AE1C20}.Release|Win32.ActiveCfg = Release|Win32
		{C3A49E6F-7FFB-4AFC-8B4A-2BB958AE1C20}.Release|Win32.Build.0 = Release|Win32
		{C3A49E6F-7FFB-4AFC-8B4A-2BB958AE1C20}.Release|x64.ActiveCfg = Release|x64
		{C3A49E6F-7FFB-4AFC-8B4A-2BB958AE1C20}.Release|x64.Build.0 = Release|x64
		{C3A49E6F-7FFB-4AFC-8B4A-2BB958AE1C20}.Release|x86.ActiveCfg = Release|Win32
		{C3A49E6F-7FFB-4AFC-8B4A-2BB958AE1C20}.Release|x86.Build.0 = Release|Win32
		{62DA7565-737C-4576-B3A2-6D1034682B5E}.Debug|Any CPU.ActiveCfg = Debug|Win32
		{62DA7565-737C-4576-B3A2-6D1034682B5E}.Debug|Win32.ActiveCfg = Debug|Win32
		{62DA7565-737C-4576-B3A2-6D1034682B5E}.Debug|Win32.Build.0 = Debug|Win32
		{62DA7565-737C-4576-B3A2-6D1034682B5E}.Debug|x64.ActiveCfg = Debug|x64
		{62DA7565-737C-4576-B3A2-6D1034682B5E}.Debug|x64.Build.0 = Debug|x64
		{62DA7565-737C-4576-B3A2-6D1034682B5E}.Debug|x86.ActiveCfg = Debug|Win32
		{62DA7565-737C-4576-B3A2-6D1034682B5E}.Debug|x86.Build.0 = Debug|Win32
		{62DA7565-737C-4576-B3A2-6D1034682B5E}.Release|Any CPU.ActiveCfg = Release|Win32
		{62DA7565-737C-4576-B3A2-6D1034682B5E}.Release|Win32.ActiveCfg = Release|Win32
		{62DA7565-737C-4576-B3A2-6D1034682B5E}.Release|Win32.Build.0 = Release|Win32
		{62DA7565-737C-4576-B3A2-6D1034682B5E}.Release|x64.ActiveCfg = Release|x64
		{62DA7565-737C-4576-B3A2-6D1034682B5E}.Release|x64.Build.0 = Release|x64
		{62DA7565-737C-4576-B3A2-6D1034682B5E}.Release|x86.ActiveCfg = Release|Win32
		{62DA7565-737C-4576-B3A2-6D1034682B5E}.Release|x86.Build.0 = Release|Win32
		{D4A3B503-D1E3-4EB5-8ED1-C4D10B0E71C4}.Debug|Any CPU.ActiveCfg = Debug|Win32
		{D4A3B503-D1E3-4EB5-8ED1-C4D10B0E71C4}.Debug|Win32.ActiveCfg = Debug|Win32
		{D4A3B503-D1E3-4EB5-8ED1-C4D10B0E71C4}.Debug|Win32.Build.0 = Debug|Win32
		{D4A3B503-D1E3-4EB5-8ED1-C4D10B0E71C4}.Debug|x64.ActiveCfg = Debug|x64
		{D4A3B503-D1E3-4EB5-8ED1-C4D10B0E71C4}.Debug|x64.Build.0 = Debug|x64
		{D4A3B503-D1E3-4EB5-8ED1-C4D10B0E71C4}.Debug|x86.ActiveCfg = Debug|Win32
		{D4A3B503-D1E3-4EB5-8ED1-C4D10B0E71C4}.Debug|x86.Build.0 = Debug|Win32
		{D4A3B503-D1E3-4EB5-8ED1-C4D10B0E71C4}.Release|Any CPU.ActiveCfg = Release|Win32
		{D4A3B503-D1E3-4EB5-8ED1-C4D10B0E71C4}.Release|Win32.ActiveCfg = Release|Win32
		{D4A3B503-D1E3-4EB5-8ED1-C4D10B0E71C4}.Release|Win32.Build.0 = Release|Win32
		{D4A3B503-D1E3-4EB5-8ED1-C4D10B0E71C4}.Release|x64.ActiveCfg = Release|x64
		{D4A3B503-D1E3-4EB5-8ED1-C4D10B0E71C4}.Release|x64.Build.0 = Release|x64
		{D4A3B503-D1E3-4EB5-8ED1-C4D10B0E71C4}.Release|x86.ActiveCfg = Release|Win32
		{D4A3B503-D1E3-4EB5-8ED1-C4D10B0E71C4}.Release|x86.Build.0 = Release|Win32
		{1E868C26-D36D-40D2-83CA-E99A1DCE5790}.Debug|Any CPU.ActiveCfg = Debug|Win32
		{1E868C26-D36D-40D2-83CA-E99A1DCE5790}.Debug|Win32.ActiveCfg = Debug|Win32
		{1E868C26-D36D-40D2-83CA-E99A1DCE5790}.Debug|Win32.Build.0 = Debug|Win32
		{1E868C26-D36D-40D2-83CA-E99A1DCE5790}.Debug|x64.ActiveCfg = Debug|x64
		{1E868C26-D36D-40D2-83CA-E99A1DCE5790}.Debug|x64.Build.0 = Debug|x64
		{1E868C26-D36D-40D2-83CA-E99A1DCE5790}.Debug|x86.ActiveCfg = Debug|Win32
		{1E868C26-D36D-40D2-83CA-E99A1DCE5790}.Debug|x86.Build.0 = Debug|Win32
		{1E868C26-D36D-40D2-83CA-E99A1DCE5790}.Release|Any CPU.ActiveCfg = Release|Win32
		{1E868C26-D36D-40D2-83CA-E99A1DCE5790}.Release|Win32.ActiveCfg = Release|Win32
		{1E868C26-D36D-40D2-83CA-E99A1DCE5790}.Release|Win32.Build.0 = Release|Win32
		{1E868C26-D36D-40D2-83CA-E99A1DCE5790}.Release|x64.ActiveCfg = Release|x64
		{1E868C26-D36D-40D2-83CA-E99A1DCE5790}.Release|x64.Build.0 = Release|x64
		{1E868C26-D36D-40D2-83CA-E99A1DCE5790}.Release|x86.ActiveCfg = Release|Win32
		{1E868C26-D36D-40D2-83CA-E99A1DCE5790}.Release|x86.Build.0 = Release|Win32
		{112DD304-C196-4FBE-815E-5C681B20EFB6}.Debug|Any CPU.ActiveCfg = Debug|Win32
		{112DD304-C196-4FBE-815E-5C681B20EFB6}.Debug|Win32.ActiveCfg = Debug|Win32
		{112DD304-C196-4FBE-815E-5C681B20EFB6}.Debug|Win32.Build.0 = Debug|Win32
		{112DD304-C196-4FBE-815E-5C681B20EFB6}.Debug|x64.ActiveCfg = Debug|x64
		{112DD304-C196-4FBE-815E-5C681B20EFB6}.Debug|x64.Build.0 = Debug|x64
		{112DD304-C196-4FBE-815E-5C681B20EFB6}.Debug|x86.ActiveCfg = Debug|Win32
		{112DD304-C196-4FBE-815E-5C681B20EFB6}.Debug|x86.Build.0 = Debug|Win32
		{112DD304-C196-4FBE-815E-5C681B20EFB6}.Release|Any CPU.ActiveCfg = Release|Win32
		{112DD304-C196-4FBE-815E-5C681B20EFB6}.Release|Win32.ActiveCfg = Release|Win32
		{112DD304-C196-4FBE-815E-5C681B20EFB6}.Release|Win32.Build.0 = Release|Win32
		{112DD304-C196-4FBE-815E-5C681B20EFB6}.Release|x64.ActiveCfg = Release|x64
		{112DD304-C196-4FBE-815E-5C681B20EFB6}.Release|x64.Build.0 = Release|x64
		{112DD304-C196-4FBE-815E-5C681B20EFB6}.Release|x86.ActiveCfg = Release|Win32
		{112DD304-C196-4FBE-815E-5C681B20EFB6}.Release|x86.Build.0 = Release|Win32
		{4232BDA4-5963-4F19-8D9A-999E0E7EEF00}.Debug|Any CPU.ActiveCfg = Debug|Win32
		{4232BDA4-5963-4F19-8D9A-999E0E7EEF00}.Debug|Win32.ActiveCfg = Debug|Win32
		{4232BDA4-5963-4F19-8D9A-999E0E7EEF00}.Debug|Win32.Build.0 = Debug|Win32
		{4232BDA4-5963-4F19-8D9A-999E0E7EEF00}.Debug|x64.ActiveCfg = Debug|x64
		{4232BDA4-5963-4F19-8D9A-999E0E7EEF00}.Debug|x64.Build.0 = Debug|x64
		{4232BDA4-5963-4F19-8D9A-999E0E7EEF00}.Debug|x86.ActiveCfg = Debug|Win32
		{4232BDA4-5963-4F19-8D9A-999E0E7EEF00}.Debug|x86.Build.0 = Debug|Win32
		{4232BDA4-5963-4F19-8D9A-999E0E7EEF00}.Release|Any CPU.ActiveCfg = Release|Win32
		{4232BDA4-5963-4F19-8D9A-999E0E7EEF00}.Release|Win32.ActiveCfg = Release|Win32
		{4232BDA4-5963-4F19-8D9A-999E0E7EEF00}.Release|Win32.Build.0 = Release|Win32
		{4232BDA4-5963-4F19-8D9A-999E0E7EEF00}.Release|x64.ActiveCfg = Release|x64
		{4232BDA4-5963-4F19-8D9A-999E0E7EEF00}.Release|x64.Build.0 = Release|x64
		{4232BDA4-5963-4F19-8D9A-999E0E7EEF00}.Release|x86.ActiveCfg = Release|Win32
		{4232BDA4-5963-4F19-8D9A-999E0E7EEF00}.Release|x86.Build.0 = Release|Win32
		{C438378C-4D9D-45DF-B1FF-5CF3FF99C62B}.Debug|Any CPU.ActiveCfg = Debug|Win32
		{C438378C-4D9D-45DF-B1FF-5CF3FF99C62B}.Debug|Win32.ActiveCfg = Debug|Win32
		{C438378C-4D9D-45DF-B1FF-5CF3FF99C62B}.Debug|Win32.Build.0 = Debug|Win32
		{C438378C-4D9D-45DF-B1FF-5CF3FF99C62B}.Debug|x64.ActiveCfg = Debug|x64
		{C438378C-4D9D-45DF-B1FF-5CF3FF99C62B}.Debug|x64.Build.0 = Debug|x64
		{C438378C-4D9D-45DF-B1FF-5CF3FF99C62B}.Debug|x86.ActiveCfg = Debug|Win32
		{C438378C-4D9D-45DF-B1FF-5CF3FF99C62B}.Debug|x86.Build.0 = Debug|Win32
		{C438378C-4D9D-45DF-B1FF-5CF3FF99C62B}.Release|Any CPU.ActiveCfg = Release|Win32
		{C438378C-4D9D-45DF-B1FF-5CF3FF99C62B}.Release|Win32.ActiveCfg = Release|Win32
		{C438378C-4D9D-45DF-B1FF-5CF3FF99C62B}.Release|Win32.Build.0 = Release|Win32
		{C438378C-4D9D-45DF-B1FF-5CF3FF99C62B}.Release|x64.ActiveCfg = Release|x64
		{C438378C-4D9D-45DF-B1FF-5CF3FF99C62B}.Release|x64.Build.0 = Release|x64
		{C438378C-4D9D-45DF-B1FF-5CF3FF99C62B}.Release|x86.ActiveCfg = Release|Win32
		{C438378C-4D9D-45DF-B1FF-5CF3FF99C62B}.Release|x86.Build.0 = Release|Win32
		{5AC325CA-6BE8-4C3C-957F-E577F5491312}.Debug|Any CPU.ActiveCfg = Debug|Win32
		{5AC325CA-6BE8-4C3C-957F-E577F5491312}.Debug|Win32.ActiveCfg = Debug|Win32
		{5AC325CA-6BE8-4C3C-957F-E577F5491312}.Debug|Win32.Build.0 = Debug|Win32
		{5AC325CA-6BE8-4C3C-957F-E577F5491312}.Debug|x64.ActiveCfg = Debug|x64
		{5AC325CA-6BE8-4C3C-957F-E577F5491312}.Debug|x64.Build.0 = Debug|x64
		{5AC325CA-6BE8-4C3C-957F-E577F5491312}.Debug|x86.ActiveCfg = Debug|Win32
		{5AC325CA-6BE8-4C3C-957F-E577F5491312}.Debug|x86.Build.0 = Debug|Win32
		{5AC325CA-6BE8-4C3C-957F-E577F5491312}.Release|Any CPU.ActiveCfg = Release|Win32
		{5AC325CA-6BE8-4C3C-957F-E577F5491312}.Release|Win32.ActiveCfg = Release|Win32
		{5AC325CA-6BE8-4C3C-957F-E577F5491312}.Release|Win32.Build.0 = Release|Win32
		{5AC325CA-6BE8-4C3C-957F-E577F5491312}.Release|x64.ActiveCfg = Release|x64
		{5AC325CA-6BE8-4C3C-957F-E577F5491312}.Release|x64.Build.0 = Release|x64
		{5AC325CA-6BE8-4C3C-957F-E577F5491312}.Release|x86.ActiveCfg = Release|Win32
		{5AC325CA-6BE8-4C3C-957F-E577F5491312}.Release|x86.Build.0 = Release|Win32
		{B5BBFAA0-ABF5-40BF-AF21-9DAE08C2713B}.Debug|Any CPU.ActiveCfg = Debug|Win32
		{B5BBFAA0-ABF5-40BF-AF21-9DAE08C2713B}.Debug|Win32.ActiveCfg = Debug|Win32
		{B5BBFAA0-ABF5-40BF-AF21-9DAE08C2713B}.Debug|Win32.Build.0 = Debug|Win32
		{B5BBFAA0-ABF5-40BF-AF21-9DAE08C2713B}.Debug|x64.ActiveCfg = Debug|x64
		{B5BBFAA0-ABF5-40BF-AF21-9DAE08C2713B}.Debug|x64.Build.0 = Debug|x64
		{B5BBFAA0-ABF5-40BF-AF21-9DAE08C2713B}.Debug|x86.ActiveCfg = Debug|Win32
		{B5BBFAA0-ABF5-40BF-AF21-9DAE08C2713B}.Debug|x86.Build.0 = Debug|Win32
		{B5BBFAA0-ABF5-40BF-AF21-9DAE08C2713B}.Release|Any CPU.ActiveCfg = Release|Win32
		{B5BBFAA0-ABF5-40BF-AF21-9DAE08C2713B}.Release|Win32.ActiveCfg = Release|Win32
		{B5BBFAA0-ABF5-40BF-AF21-9DAE08C2713B}.Release|Win32.Build.0 = Release|Win32
		{B5BBFAA0-ABF5-40BF-AF21-9DAE08C2713B}.Release|x64.ActiveCfg = Release|x64
		{B5BBFAA0-ABF5-40BF-AF21-9DAE08C2713B}.Release|x64.Build.0 = Release|x64
		{B5BBFAA0-ABF5-40BF-AF21-9DAE08C2713B}.Release|x86.ActiveCfg = Release|Win32
		{B5BBFAA0-ABF5-40BF-AF21-9DAE08C2713B}.Release|x86.Build.0 = Release|Win32
		{D0F576C6-E33D-43C9-9129-7DF89ACF039E}.Debug|Any CPU.ActiveCfg = Debug|Win32
		{D0F576C6-E33D-43C9-9129-7DF89ACF039E}.Debug|Win32.ActiveCfg = Debug|Win32
		{D0F576C6-E33D-43C9-9129-7DF89ACF039E}.Debug|Win32.Build.0 = Debug|Win32
		{D0F576C6-E33D-43C9-9129-7DF89ACF039E}.Debug|x64.ActiveCfg = Debug|x64
		{D0F576C6-E33D-43C9-9129-7DF89ACF039E}.Debug|x64.Build.0 = Debug|x64
		{D0F576C6-E33D-43C9-9129-7DF89ACF039E}.Debug|x86.ActiveCfg = Debug|Win32
		{D0F576C6-E33D-43C9-9129-7DF89ACF039E}.Debug|x86.Build.0 = Debug|Win32
		{D0F576C6-E33D-43C9-9129-7DF89ACF039E}.Release|Any CPU.ActiveCfg = Release|Win32
		{D0F576C6-E33D-43C9-9129-7DF89ACF039E}.Release|Win32.ActiveCfg = Release|Win32
		{D0F576C6-E33D-43C9-9129-7DF89ACF039E}.Release|Win32.Build.0 = Release|Win32
		{D0F576C6-E33D-43C9-9129-7DF89ACF039E}.Release|x64.ActiveCfg = Release|x64
		{D0F576C6-E33D-43C9-9129-7DF89ACF039E}.Release|x64.Build.0 = Release|x64
		{D0F576C6-E33D-43C9-9129-7DF89ACF039E}.Release|x86.ActiveCfg = Release|Win32
		{D0F576C6-E33D-43C9-9129-7DF89ACF039E}.Release|x86.Build.0 = Release|Win32
	EndGlobalSection
	GlobalSection(SolutionProperties) = preSolution
		HideSolutionNode = FALSE
	EndGlobalSection
	GlobalSection(NestedProjects) = preSolution
		{4025B64C-8CBE-4D10-A094-FAC5616ED2D9} = {3A7B777B-83F9-4CB4-AB0F-C03221F81FCB}
		{C3A49E6F-7FFB-4AFC-8B4A-2BB958AE1C20} = {3A7B777B-83F9-4CB4-AB0F-C03221F81FCB}
		{62DA7565-737C-4576-B3A2-6D1034682B5E} = {3A7B777B-83F9-4CB4-AB0F-C03221F81FCB}
		{D4A3B503-D1E3-4EB5-8ED1-C4D10B0E71C4} = {3A7B777B-83F9-4CB4-AB0F-C03221F81FCB}
		{1E868C26-D36D-40D2-83CA-E99A1DCE5790} = {3A7B777B-83F9-4CB4-AB0F-C03221F81FCB}
		{112DD304-C196-4FBE-815E-5C681B20EFB6} = {3A7B777B-83F9-4CB4-AB0F-C03221F81FCB}
		{4232BDA4-5963-4F19-8D9A-999E0E7EEF00} = {3A7B777B-83F9-4CB4-AB0F-C03221F81FCB}
		{B5BBFAA0-ABF5-40BF-AF21-9DAE08C2713B} = {3A7B777B-83F9-4CB4-AB0F-C03221F81FCB}
		{D0F576C6-E33D-43C9-9129-7DF89ACF039E} = {3A7B777B-83F9-4CB4-AB0F-C03221F81FCB}
	EndGlobalSection
	GlobalSection(ExtensibilityGlobals) = postSolution
		SolutionGuid = {AA68A95C-895A-4E52-9799-3CD1B9ED77A5}
	EndGlobalSection
EndGlobal
